
Microsoft Visual Studio Solution File, Format Version 12.00
# Visual Studio Version 17
VisualStudioVersion = 17.2.32519.379
MinimumVisualStudioVersion = 10.0.40219.1
Project("{FAE04EC0-301F-11D3-BF4B-00C04F79EFBC}") = "CursoCSharp", "CursoCSharp\CursoCSharp.csproj", "{0949A8C7-089B-4924-97E5-CA9801559A54}"
EndProject
Global
	GlobalSection(SolutionConfigurationPlatforms) = preSolution
		Debug|Any CPU = Debug|Any CPU
		Release|Any CPU = Release|Any CPU
	EndGlobalSection
	GlobalSection(ProjectConfigurationPlatforms) = postSolution
		{0949A8C7-089B-4924-97E5-CA9801559A54}.Debug|Any CPU.ActiveCfg = Debug|Any CPU
		{0949A8C7-089B-4924-97E5-CA9801559A54}.Debug|Any CPU.Build.0 = Debug|Any CPU
		{0949A8C7-089B-4924-97E5-CA9801559A54}.Release|Any CPU.ActiveCfg = Release|Any CPU
		{0949A8C7-089B-4924-97E5-CA9801559A54}.Release|Any CPU.Build.0 = Release|Any CPU
	EndGlobalSection
	GlobalSection(SolutionProperties) = preSolution
		HideSolutionNode = FALSE
	EndGlobalSection
	GlobalSection(ExtensibilityGlobals) = postSolution
		SolutionGuid = {29CE483C-C5AD-4CA4-9B81-04B3DA1DA618}
	EndGlobalSection
EndGlobal
